PODS:
  - QTTranslatorAR (2.0.4)

DEPENDENCIES:
  - QTTranslatorAR (~> 2.0.4)

SPEC REPOS:
  https://github.com/CocoaPods/Specs.git:
    - QTTranslatorAR

SPEC CHECKSUMS:
  QTTranslatorAR: 5e123fe8327d7f2be8383feee846833f74dc772b

PODFILE CHECKSUM: 14ecbfed841d6345d15528478483e98b1d1af818

COCOAPODS: 1.9.1
