PODS:
  - QTTranslatorAR (2.0.5)

DEPENDENCIES:
  - QTTranslatorAR (~> 2.0.5)

SPEC REPOS:
  https://github.com/CocoaPods/Specs.git:
    - QTTranslatorAR

SPEC CHECKSUMS:
  QTTranslatorAR: f54235420663205ac44df21e9b0b9ee603e5feec

PODFILE CHECKSUM: fbb8c8f4567f0d15b8a66f24a811f2e900855f28

COCOAPODS: 1.9.1
